# THIS IS AN AUTOGENERATED FILE. DO NOT EDIT THIS FILE DIRECTLY.
# yarn lockfile v1


"@ant-design/colors@^6.0.0":
  version "6.0.0"
  resolved "http://172.18.10.176:4873/@ant-design%2fcolors/-/colors-6.0.0.tgz#9b9366257cffcc47db42b9d0203bb592c13c0298"
  integrity sha1-m5NmJXz/zEfbQrnQIDu1ksE8Apg=
  dependencies:
    "@ctrl/tinycolor" "^3.4.0"

"@ant-design/icons-svg@^4.2.1":
  version "4.2.1"
  resolved "http://172.18.10.176:4873/@ant-design%2ficons-svg/-/icons-svg-4.2.1.tgz#8630da8eb4471a4aabdaed7d1ff6a97dcb2cf05a"
  integrity sha1-hjDajrRHGkqr2u19H/apfcss8Fo=

"@ant-design/icons@^4.1.0", "@ant-design/icons@^4.2.1", "@ant-design/icons@^4.3.0":
  version "4.7.0"
  resolved "http://172.18.10.176:4873/@ant-design%2ficons/-/icons-4.7.0.tgz#8c3cbe0a556ba92af5dc7d1e70c0b25b5179af0f"
  integrity sha1-jDy+ClVrqSr13H0ecMCyW1F5rw8=
  dependencies:
    "@ant-design/colors" "^6.0.0"
    "@ant-design/icons-svg" "^4.2.1"
    "@babel/runtime" "^7.11.2"
    classnames "^2.2.6"
    rc-util "^5.9.4"

"@ant-design/pro-card@1.20.7":
  version "1.20.7"
  resolved "http://172.18.10.176:4873/@ant-design%2fpro-card/-/pro-card-1.20.7.tgz#9697239a65e10a1f07a77b239e1057f3e71d35d9"
  integrity sha512-IgHWr8sTpTKhOsgvSyvs+QLKUZ1nJ0bsW7Y5VHb68D9muHvJCjlNDW3rTb8mE8DDRPT1eqU2AwNsuJljiTHxBA==
  dependencies:
    "@ant-design/icons" "^4.2.1"
    "@ant-design/pro-utils" "1.42.0"
    "@babel/runtime" "^7.16.3"
    classnames "^2.2.6"
    omit.js "^2.0.2"
    rc-util "^5.4.0"

"@ant-design/pro-field@1.34.14":
  version "1.34.14"
  resolved "http://172.18.10.176:4873/@ant-design%2fpro-field/-/pro-field-1.34.14.tgz#d164a4a838c8b6843d46af66a44c5083c8062fb6"
  integrity sha512-/tU9FDZrrAF+VVsZA/rZFaQ9KTp/5IO5kaP6bl3l4eH3AZPdDDlROwresDLA1lI31t0vBpC4pSj253uJ64eEOQ==
  dependencies:
    "@ant-design/icons" "^4.2.1"
    "@ant-design/pro-provider" "1.7.1"
    "@ant-design/pro-utils" "1.42.0"
    "@babel/runtime" "^7.16.3"
    "@chenshuai2144/sketch-color" "^1.0.8"
    classnames "^2.2.6"
    lodash.tonumber "^4.0.3"
    moment "^2.27.0"
    omit.js "^2.0.2"
    rc-util "^5.4.0"
    swr "^1.2.0"

"@ant-design/pro-form@1.69.1":
  version "1.69.1"
  resolved "http://172.18.10.176:4873/@ant-design%2fpro-form/-/pro-form-1.69.1.tgz#b7d42e459cff37c2df5753500090b62150755034"
  integrity sha512-+iTjHpaMDdRrmiNOb96wSotQPsLAk8tzeLSNkbr0SdEAuufqgrQRWUj0MFqMoZwjUCtz1RqA6D7eLF5NdX28hA==
  dependencies:
    "@ant-design/icons" "^4.2.1"
    "@ant-design/pro-field" "1.34.14"
    "@ant-design/pro-provider" "1.7.1"
    "@ant-design/pro-utils" "1.42.0"
    "@babel/runtime" "^7.16.3"
    "@umijs/use-params" "^1.0.9"
    classnames "^2.2.6"
    lodash "^4.17.21"
    omit.js "^2.0.2"
    rc-resize-observer "^1.1.0"
    rc-util "^5.0.6"
    use-json-comparison "^1.0.5"
    use-media-antd-query "^1.1.0"

"@ant-design/pro-provider@1.7.1":
  version "1.7.1"
  resolved "http://172.18.10.176:4873/@ant-design%2fpro-provider/-/pro-provider-1.7.1.tgz#cfab05d5ba965fd8b15b09216d764d938940c952"
  integrity sha512-saZdp86zqG5DmJVTYcEmlgpBjOCugeCIBYXVzGRr5U6FIsg9RKgQagV/eY9oCfPb5xjnP9mKW+6AWeojS90HaA==
  dependencies:
    "@babel/runtime" "^7.16.3"
    rc-util "^5.0.1"
    swr "^1.2.0"

"@ant-design/pro-table@2.76.1":
  version "2.76.1"
  resolved "http://172.18.10.176:4873/@ant-design%2fpro-table/-/pro-table-2.76.1.tgz#1837fd4c669de33b1fd97cd852fcedc9e52d1c02"
  integrity sha512-szdWKZlTuFesGYOljraqWcurAy8Gmm3pQUbURRkSYy3jtSvASstCzWAipAbQmNzmfRt8PZBB5LJ91W23QGM+kg==
  dependencies:
    "@ant-design/icons" "^4.1.0"
    "@ant-design/pro-card" "1.20.7"
    "@ant-design/pro-field" "1.34.14"
    "@ant-design/pro-form" "1.69.1"
    "@ant-design/pro-provider" "1.7.1"
    "@ant-design/pro-utils" "1.42.0"
    "@babel/runtime" "^7.18.0"
    classnames "^2.2.6"
    moment "^2.24.0"
    omit.js "^2.0.2"
    rc-util "^5.0.1"
    react-sortable-hoc "^2.0.0"
    unstated-next "^1.1.0"
    use-json-comparison "^1.0.5"
    use-media-antd-query "^1.1.0"

"@ant-design/pro-utils@1.42.0":
  version "1.42.0"
  resolved "http://172.18.10.176:4873/@ant-design%2fpro-utils/-/pro-utils-1.42.0.tgz#aa55067c6305e6dbc04bdded0db0c3f7c7e1f5fc"
  integrity sha512-wM+Vt3QqfLIkjYm19qoBVyDfJe/ghS9cdKTpsoziW+WC8Rqh+k5n8Z0hQ3rf2amJqKMGpTThNtz9EIYc/qiLMg==
  dependencies:
    "@ant-design/icons" "^4.3.0"
    "@ant-design/pro-provider" "1.7.1"
    "@babel/runtime" "^7.16.3"
    classnames "^2.2.6"
    moment "^2.27.0"
    rc-util "^5.0.6"
    react-sortable-hoc "^2.0.0"
    swr "^1.2.0"

"@babel/runtime@^7.10.1", "@babel/runtime@^7.11.2", "@babel/runtime@^7.16.3", "@babel/runtime@^7.18.0", "@babel/runtime@^7.18.3", "@babel/runtime@^7.2.0":
  version "7.18.3"
  resolved "http://172.18.10.176:4873/@babel%2fruntime/-/runtime-7.18.3.tgz#c7b654b57f6f63cf7f8b418ac9ca04408c4579f4"
  integrity sha512-38Y8f7YUhce/K7RMwTp7m0uCumpv9hZkitCbBClqQIow1qSbCvGkcegKOXpEWCQLfWmevgRiWokZ1GkpfhbZug==
  dependencies:
    regenerator-runtime "^0.13.4"

"@chenshuai2144/sketch-color@^1.0.8":
  version "1.0.8"
  resolved "http://172.18.10.176:4873/@chenshuai2144%2fsketch-color/-/sketch-color-1.0.8.tgz#5cde7ac1dae5687223a8f751b0e4f77a5776d566"
  integrity sha512-dPAzzWc+w7zyTAi71WXYZpiTYyIS80MxYyy2E/7jufhnJI1Z29wCPL35VvuJ/gs5zYpF2+w/B7BizWa2zKXpGw==
  dependencies:
    reactcss "^1.2.3"
    tinycolor2 "^1.4.2"

"@ctrl/tinycolor@^3.4.0":
  version "3.4.1"
  resolved "http://172.18.10.176:4873/@ctrl%2ftinycolor/-/tinycolor-3.4.1.tgz#75b4c27948c81e88ccd3a8902047bcd797f38d32"
  integrity sha512-ej5oVy6lykXsvieQtqZxCOaLT+xD4+QNarq78cIYISHmZXshCvROLudpQN3lfL8G0NL7plMSSK+zlyvCaIJ4Iw==

"@umijs/use-params@^1.0.9":
  version "1.0.9"
  resolved "http://172.18.10.176:4873/@umijs%2fuse-params/-/use-params-1.0.9.tgz#0ae4a87f4922d8e8e3fb4495b0f8f4de9ca38c52"
  integrity sha512-QlN0RJSBVQBwLRNxbxjQ5qzqYIGn+K7USppMoIOVlf7fxXHsnQZ2bEsa6Pm74bt6DVQxpUE8HqvdStn6Y9FV1w==

classnames@^2.2.1, classnames@^2.2.6:
  version "2.3.1"
  resolved "http://172.18.10.176:4873/classnames/-/classnames-2.3.1.tgz#dfcfa3891e306ec1dad105d0e88f4417b8535e8e"
  integrity sha1-38+jiR4wbsHa0QXQ6I9EF7hTXo4=

invariant@^2.2.4:
  version "2.2.4"
  resolved "http://172.18.10.176:4873/invariant/-/invariant-2.2.4.tgz#610f3c92c9359ce1db616e538008d23ff35158e6"
  integrity sha1-YQ88ksk1nOHbYW5TgAjSP/NRWOY=
  dependencies:
    loose-envify "^1.0.0"

"js-tokens@^3.0.0 || ^4.0.0":
  version "4.0.0"
  resolved "http://172.18.10.176:4873/js-tokens/-/js-tokens-4.0.0.tgz#19203fb59991df98e3a287050d4647cdeaf32499"
  integrity sha512-RdJUflcE3cUzKiMqQgsCu06FPu9UdIJO0beYbPhHN4k6apgJtifcoCtT9bcxOpYBtpD2kCM6Sbzg4CausW/PKQ==

lodash.tonumber@^4.0.3:
  version "4.0.3"
  resolved "http://172.18.10.176:4873/lodash.tonumber/-/lodash.tonumber-4.0.3.tgz#0b96b31b35672793eb7f5a63ee791f1b9e9025d9"
  integrity sha1-C5azGzVnJ5Prf1pj7nkfG56QJdk=

lodash@^4.0.1, lodash@^4.17.21:
  version "4.17.21"
  resolved "http://172.18.10.176:4873/lodash/-/lodash-4.17.21.tgz#679591c564c3bffaae8454cf0b3df370c3d6911c"
  integrity sha1-Z5WRxWTDv/quhFTPCz3zcMPWkRw=

loose-envify@^1.0.0, loose-envify@^1.4.0:
  version "1.4.0"
  resolved "http://172.18.10.176:4873/loose-envify/-/loose-envify-1.4.0.tgz#71ee51fa7be4caec1a63839f7e682d8132d30caf"
  integrity sha1-ce5R+nvkyuwaY4OffmgtgTLTDK8=
  dependencies:
    js-tokens "^3.0.0 || ^4.0.0"

moment@^2.24.0, moment@^2.27.0:
  version "2.29.3"
  resolved "http://172.18.10.176:4873/moment/-/moment-2.29.3.tgz#edd47411c322413999f7a5940d526de183c031f3"
  integrity sha512-c6YRvhEo//6T2Jz/vVtYzqBzwvPT95JBQ+smCytzf7c50oMZRsR/a4w88aD34I+/QVSfnoAnSBFPJHItlOMJVw==

object-assign@^4.1.1:
  version "4.1.1"
  resolved "http://172.18.10.176:4873/object-assign/-/object-assign-4.1.1.tgz#2109adc7965887cfc05cbbd442cac8bfbb360863"
  integrity sha1-IQmtx5ZYh8/AXLvUQsrIv7s2CGM=

omit.js@^2.0.2:
  version "2.0.2"
  resolved "http://172.18.10.176:4873/omit.js/-/omit.js-2.0.2.tgz#dd9b8436fab947a5f3ff214cb2538631e313ec2f"
  integrity sha1-3ZuENvq5R6Xz/yFMslOGMeMT7C8=

prop-types@^15.5.7:
  version "15.8.1"
  resolved "http://172.18.10.176:4873/prop-types/-/prop-types-15.8.1.tgz#67d87bf1a694f48435cf332c24af10214a3140b5"
  integrity sha512-oj87CgZICdulUohogVAR7AjlC0327U4el4L6eAvOqCeudMDVU0NThNaV+b9Df4dXgSP1gXMTnPdhfe/2qDH5cg==
  dependencies:
    loose-envify "^1.4.0"
    object-assign "^4.1.1"
    react-is "^16.13.1"

rc-resize-observer@^1.1.0:
  version "1.2.0"
  resolved "http://172.18.10.176:4873/rc-resize-observer/-/rc-resize-observer-1.2.0.tgz#9f46052f81cdf03498be35144cb7c53fd282c4c7"
  integrity sha512-6W+UzT3PyDM0wVCEHfoW3qTHPTvbdSgiA43buiy8PzmeMnfgnDeb9NjdimMXMl3/TcrvvWl5RRVdp+NqcR47pQ==
  dependencies:
    "@babel/runtime" "^7.10.1"
    classnames "^2.2.1"
    rc-util "^5.15.0"
    resize-observer-polyfill "^1.5.1"

rc-util@^5.0.1, rc-util@^5.0.6, rc-util@^5.15.0, rc-util@^5.4.0, rc-util@^5.9.4:
  version "5.22.5"
  resolved "http://172.18.10.176:4873/rc-util/-/rc-util-5.22.5.tgz#d4d6d886c5ecb6a2a51dde1840d780a2b70f5179"
  integrity sha512-awD2TGMGU97OZftT2R3JwrHWjR8k/xIwqjwcivPskciweUdgXE7QsyXkBKVSBHXS+c17AWWMDWuKWsJSheQy8g==
  dependencies:
    "@babel/runtime" "^7.18.3"
    react-is "^16.12.0"
    shallowequal "^1.1.0"

react-is@^16.12.0, react-is@^16.13.1:
  version "16.13.1"
  resolved "http://172.18.10.176:4873/react-is/-/react-is-16.13.1.tgz#789729a4dc36de2999dc156dd6c1d9c18cea56a4"
  integrity sha1-eJcppNw23imZ3BVt1sHZwYzqVqQ=

react-sortable-hoc@^2.0.0:
  version "2.0.0"
  resolved "http://172.18.10.176:4873/react-sortable-hoc/-/react-sortable-hoc-2.0.0.tgz#f6780d8aa4b922a21f3e754af542f032677078b7"
  integrity sha1-9ngNiqS5IqIfPnVK9ULwMmdweLc=
  dependencies:
    "@babel/runtime" "^7.2.0"
    invariant "^2.2.4"
    prop-types "^15.5.7"

reactcss@^1.2.3:
  version "1.2.3"
  resolved "http://172.18.10.176:4873/reactcss/-/reactcss-1.2.3.tgz#c00013875e557b1cf0dfd9a368a1c3dab3b548dd"
  integrity sha1-wAATh15Vexzw39mjaKHD2rO1SN0=
  dependencies:
    lodash "^4.0.1"

regenerator-runtime@^0.13.4:
  version "0.13.9"
  resolved "http://172.18.10.176:4873/regenerator-runtime/-/regenerator-runtime-0.13.9.tgz#8925742a98ffd90814988d7566ad30ca3b263b52"
  integrity sha1-iSV0Kpj/2QgUmI11Zq0wyjsmO1I=

resize-observer-polyfill@^1.5.1:
  version "1.5.1"
  resolved "http://172.18.10.176:4873/resize-observer-polyfill/-/resize-observer-polyfill-1.5.1.tgz#0e9020dd3d21024458d4ebd27e23e40269810464"
  integrity sha1-DpAg3T0hAkRY1OvSfiPkAmmBBGQ=

shallowequal@^1.1.0:
  version "1.1.0"
  resolved "http://172.18.10.176:4873/shallowequal/-/shallowequal-1.1.0.tgz#188d521de95b9087404fd4dcb68b13df0ae4e7f8"
  integrity sha1-GI1SHelbkIdAT9TctosT3wrk5/g=

swr@^1.2.0:
  version "1.3.0"
  resolved "http://172.18.10.176:4873/swr/-/swr-1.3.0.tgz#c6531866a35b4db37b38b72c45a63171faf9f4e8"
  integrity sha512-dkghQrOl2ORX9HYrMDtPa7LTVHJjCTeZoB1dqTbnnEDlSvN8JEKpYIYurDfvbQFUUS8Cg8PceFVZNkW0KNNYPw==

tinycolor2@^1.4.2:
  version "1.4.2"
  resolved "http://172.18.10.176:4873/tinycolor2/-/tinycolor2-1.4.2.tgz#3f6a4d1071ad07676d7fa472e1fac40a719d8803"
  integrity sha1-P2pNEHGtB2dtf6Ry4frECnGdiAM=

unstated-next@^1.1.0:
  version "1.1.0"
  resolved "http://172.18.10.176:4873/unstated-next/-/unstated-next-1.1.0.tgz#7bb4911a12fdf3cc8ad3eb11a0b315e4a8685ea8"
  integrity sha1-e7SRGhL988yK0+sRoLMV5KhoXqg=

use-json-comparison@^1.0.5:
  version "1.0.6"
  resolved "http://172.18.10.176:4873/use-json-comparison/-/use-json-comparison-1.0.6.tgz#a012bbc258ce745db1f56745dc653f575226cb21"
  integrity sha1-oBK7wljOdF2x9WdF3GU/V1ImyyE=

use-media-antd-query@^1.1.0:
  version "1.1.0"
  resolved "http://172.18.10.176:4873/use-media-antd-query/-/use-media-antd-query-1.1.0.tgz#f083ad7e292c1c0261b6bbfaac0edc3e0920d85d"
  integrity sha1-8IOtfiksHAJhtrv6rA7cPgkg2F0=
